
Microsoft Visual Studio Solution File, Format Version 12.00
# Visual Studio Version 16
VisualStudioVersion = 16.0.31702.278
MinimumVisualStudioVersion = 10.0.40219.1
Project("{FAE04EC0-301F-11D3-BF4B-00C04F79EFBC}") = "OtiliaNet", "OtiliaNet.csproj", "{23859514-311A-4B43-A51E-DDC22AE40DD9}"
EndProject
Global
	GlobalSection(SolutionConfigurationPlatforms) = preSolution
		Debug|Any CPU = Debug|Any CPU
		Release|Any CPU = Release|Any CPU
	EndGlobalSection
	GlobalSection(ProjectConfigurationPlatforms) = postSolution
		{23859514-311A-4B43-A51E-DDC22AE40DD9}.Debug|Any CPU.ActiveCfg = Debug|Any CPU
		{23859514-311A-4B43-A51E-DDC22AE40DD9}.Debug|Any CPU.Build.0 = Debug|Any CPU
		{23859514-311A-4B43-A51E-DDC22AE40DD9}.Release|Any CPU.ActiveCfg = Release|Any CPU
		{23859514-311A-4B43-A51E-DDC22AE40DD9}.Release|Any CPU.Build.0 = Release|Any CPU
	EndGlobalSection
	GlobalSection(SolutionProperties) = preSolution
		HideSolutionNode = FALSE
	EndGlobalSection
	GlobalSection(ExtensibilityGlobals) = postSolution
		SolutionGuid = {22A19678-74FD-4680-B73F-9F1FE8ABC51C}
	EndGlobalSection
EndGlobal
